{
  "version": 4,
  "terraform_version": "1.9.5",
  "serial": 5,
  "lineage": "636cb1e9-302e-892c-c480-bd7f866ab093",
  "outputs": {
    "app_vm_ip": {
      "value": "34.136.86.55",
      "type": "string"
    },
    "gke_cluster_name": {
      "value": "chirpcircle-cluster",
      "type": "string"
    }
  },
  "resources": [
    {
      "mode": "managed",
      "type": "google_compute_address",
      "name": "app_vm_address",
      "provider": "provider[\"registry.terraform.io/hashicorp/google\"]",
      "instances": [
        {
          "schema_version": 0,
          "attributes": {
            "address": "34.136.86.55",
            "address_type": "EXTERNAL",
            "creation_timestamp": "2024-12-18T11:48:33.538-08:00",
            "description": "",
            "id": "projects/piazza-saas/regions/us-central1/addresses/chirpcircle-app-vm-address",
            "ip_version": "",
            "ipv6_endpoint_type": "",
            "name": "chirpcircle-app-vm-address",
            "network": "",
            "network_tier": "PREMIUM",
            "prefix_length": 0,
            "project": "piazza-saas",
            "purpose": "",
            "region": "us-central1",
            "self_link": "https://www.googleapis.com/compute/v1/projects/piazza-saas/regions/us-central1/addresses/chirpcircle-app-vm-address",
            "subnetwork": "",
            "timeouts": null,
            "users": []
          },
          "sensitive_attributes": [],
          "private": "eyJlMmJmYjczMC1lY2FhLTExZTYtOGY4OC0zNDM2M2JjN2M0YzAiOnsiY3JlYXRlIjoxMjAwMDAwMDAwMDAwLCJkZWxldGUiOjEyMDAwMDAwMDAwMDB9fQ=="
        }
      ]
    },
    {
      "mode": "managed",
      "type": "google_compute_firewall",
      "name": "app_vm_firewall",
      "provider": "provider[\"registry.terraform.io/hashicorp/google\"]",
      "instances": [
        {
          "schema_version": 1,
          "attributes": {
            "allow": [
              {
                "ports": [
                  "22"
                ],
                "protocol": "tcp"
              },
              {
                "ports": [
                  "80",
                  "443"
                ],
                "protocol": "tcp"
              }
            ],
            "creation_timestamp": "2024-12-18T11:48:33.112-08:00",
            "deny": [],
            "description": "",
            "destination_ranges": [],
            "direction": "INGRESS",
            "disabled": false,
            "enable_logging": null,
            "id": "projects/piazza-saas/global/firewalls/chirpcircle-app-vm-firewall",
            "log_config": [],
            "name": "chirpcircle-app-vm-firewall",
            "network": "https://www.googleapis.com/compute/v1/projects/piazza-saas/global/networks/default",
            "priority": 1000,
            "project": "piazza-saas",
            "self_link": "https://www.googleapis.com/compute/v1/projects/piazza-saas/global/firewalls/chirpcircle-app-vm-firewall",
            "source_ranges": [
              "0.0.0.0/0"
            ],
            "source_service_accounts": null,
            "source_tags": null,
            "target_service_accounts": null,
            "target_tags": null,
            "timeouts": null
          },
          "sensitive_attributes": [],
          "private": "eyJlMmJmYjczMC1lY2FhLTExZTYtOGY4OC0zNDM2M2JjN2M0YzAiOnsiY3JlYXRlIjoxMjAwMDAwMDAwMDAwLCJkZWxldGUiOjEyMDAwMDAwMDAwMDAsInVwZGF0ZSI6MTIwMDAwMDAwMDAwMH0sInNjaGVtYV92ZXJzaW9uIjoiMSJ9"
        }
      ]
    },
    {
      "mode": "managed",
      "type": "google_compute_instance",
      "name": "app_vm",
      "provider": "provider[\"registry.terraform.io/hashicorp/google\"]",
      "instances": [
        {
          "schema_version": 6,
          "attributes": {
            "advanced_machine_features": [],
            "allow_stopping_for_update": null,
            "attached_disk": [],
            "boot_disk": [
              {
                "auto_delete": true,
                "device_name": "persistent-disk-0",
                "disk_encryption_key_raw": "",
                "disk_encryption_key_sha256": "",
                "initialize_params": [
                  {
                    "image": "https://www.googleapis.com/compute/v1/projects/ubuntu-os-cloud/global/images/ubuntu-1804-bionic-v20220131",
                    "labels": {},
                    "resource_manager_tags": null,
                    "size": 25,
                    "type": "pd-ssd"
                  }
                ],
                "kms_key_self_link": "",
                "mode": "READ_WRITE",
                "source": "https://www.googleapis.com/compute/v1/projects/piazza-saas/zones/us-central1-a/disks/chirpcircle-app-vm"
              }
            ],
            "can_ip_forward": false,
            "confidential_instance_config": [],
            "cpu_platform": "Intel Broadwell",
            "current_status": "RUNNING",
            "deletion_protection": false,
            "description": "",
            "desired_status": null,
            "enable_display": false,
            "guest_accelerator": [],
            "hostname": "",
            "id": "projects/piazza-saas/zones/us-central1-a/instances/chirpcircle-app-vm",
            "instance_id": "2299277355955165689",
            "label_fingerprint": "b4GxBFRXcFI=",
            "labels": {
              "app": "chirpcircle",
              "environment": "dev"
            },
            "machine_type": "e2-medium",
            "metadata": null,
            "metadata_fingerprint": "qgjyGRHRArU=",
            "metadata_startup_script": "#!/bin/bash\napt-get update -y\napt-get install -y apt-transport-https ca-certificates curl gnupg lsb-release\ncurl -fsSL https://download.docker.com/linux/ubuntu/gpg | sudo apt-key add -\nadd-apt-repository \"deb [arch=amd64] https://download.docker.com/linux/ubuntu focal stable\"\napt-get update\napt-get install -y docker-ce docker-ce-cli containerd.io\nsystemctl enable docker\nsystemctl start docker\n# Additional commands:\nsudo docker pull alperond/chirpcircle-backend:latest\nsudo docker run -d -p 80:3000 alperond/chirpcircle-backend:latest\n",
            "min_cpu_platform": "",
            "name": "chirpcircle-app-vm",
            "network_interface": [
              {
                "access_config": [
                  {
                    "nat_ip": "34.136.86.55",
                    "network_tier": "PREMIUM",
                    "public_ptr_domain_name": ""
                  }
                ],
                "alias_ip_range": [],
                "internal_ipv6_prefix_length": 0,
                "ipv6_access_config": [],
                "ipv6_access_type": "",
                "ipv6_address": "",
                "name": "nic0",
                "network": "https://www.googleapis.com/compute/v1/projects/piazza-saas/global/networks/default",
                "network_ip": "10.128.0.43",
                "nic_type": "",
                "queue_count": 0,
                "stack_type": "IPV4_ONLY",
                "subnetwork": "https://www.googleapis.com/compute/v1/projects/piazza-saas/regions/us-central1/subnetworks/default",
                "subnetwork_project": "piazza-saas"
              }
            ],
            "network_performance_config": [],
            "params": [],
            "project": "piazza-saas",
            "reservation_affinity": [],
            "resource_policies": null,
            "scheduling": [
              {
                "automatic_restart": true,
                "instance_termination_action": "",
                "local_ssd_recovery_timeout": [],
                "min_node_cpus": 0,
                "node_affinities": [],
                "on_host_maintenance": "MIGRATE",
                "preemptible": false,
                "provisioning_model": "STANDARD"
              }
            ],
            "scratch_disk": [],
            "self_link": "https://www.googleapis.com/compute/v1/projects/piazza-saas/zones/us-central1-a/instances/chirpcircle-app-vm",
            "service_account": [
              {
                "email": "805530043264-compute@developer.gserviceaccount.com",
                "scopes": [
                  "https://www.googleapis.com/auth/cloud-platform"
                ]
              }
            ],
            "shielded_instance_config": [
              {
                "enable_integrity_monitoring": true,
                "enable_secure_boot": false,
                "enable_vtpm": true
              }
            ],
            "tags": [
              "chirpcircle",
              "web-server"
            ],
            "tags_fingerprint": "H3Nv3V498n4=",
            "timeouts": null,
            "zone": "us-central1-a"
          },
          "sensitive_attributes": [
            [
              {
                "type": "get_attr",
                "value": "boot_disk"
              },
              {
                "type": "index",
                "value": {
                  "value": 0,
                  "type": "number"
                }
              },
              {
                "type": "get_attr",
                "value": "disk_encryption_key_raw"
              }
            ]
          ],
          "private": "eyJlMmJmYjczMC1lY2FhLTExZTYtOGY4OC0zNDM2M2JjN2M0YzAiOnsiY3JlYXRlIjoxMjAwMDAwMDAwMDAwLCJkZWxldGUiOjEyMDAwMDAwMDAwMDAsInVwZGF0ZSI6MTIwMDAwMDAwMDAwMH0sInNjaGVtYV92ZXJzaW9uIjoiNiJ9",
          "dependencies": [
            "google_compute_address.app_vm_address"
          ]
        }
      ]
    }
  ],
  "check_results": null
}
